{
  "requires": true,
  "lockfileVersion": 1,
  "dependencies": {
    "bower": {
      "version": "1.8.4",
      "resolved": "https://registry.npmjs.org/bower/-/bower-1.8.4.tgz",
      "integrity": "sha1-54dqB23rgTf30GUl3F6MZtuC8oo="
    },
    "dlib-build": {
      "version": "0.1.0",
      "resolved": "https://registry.npmjs.org/dlib-build/-/dlib-build-0.1.0.tgz",
      "integrity": "sha512-Ar3D0roNlXCmpMiwgpKIWxSmm0cdKehuyFe9mNHTDsOM1I716p5/3ml21gf40MIwhy5H83ChRQ2pmn+hB3CdPA=="
    },
    "face-recognition": {
      "version": "0.8.1",
      "resolved": "https://registry.npmjs.org/face-recognition/-/face-recognition-0.8.1.tgz",
      "integrity": "sha512-AsbMKlBTNoCzXdTelCSXBZEmCnm/aEV3hj1ixK7RxDGjghJw5H4socCmH3qKR7GYfE00znmAKcDfT/xR03LobQ==",
      "requires": {
        "dlib-build": "0.1.0",
        "face-recognition-models": "0.0.0",
        "nan": "2.10.0",
        "native-node-utils": "0.0.4"
      }
    },
    "face-recognition-models": {
      "version": "0.0.0",
      "resolved": "https://registry.npmjs.org/face-recognition-models/-/face-recognition-models-0.0.0.tgz",
      "integrity": "sha512-h3teFmhFxGvbDZ4fXWcgsUFTatvluwBWerlpzL3yqZG6y1heIIkg5CJxlXL5k4NPgLjvskdUOtuM0b8YYHztxg=="
    },
    "nan": {
      "version": "2.10.0",
      "resolved": "https://registry.npmjs.org/nan/-/nan-2.10.0.tgz",
      "integrity": "sha512-bAdJv7fBLhWC+/Bls0Oza+mvTaNQtP+1RyhhhvD95pgUJz6XM5IzgmxOkItJ9tkoCiplvAnXI1tNmmUD/eScyA=="
    },
    "native-node-utils": {
      "version": "0.0.4",
      "resolved": "https://registry.npmjs.org/native-node-utils/-/native-node-utils-0.0.4.tgz",
      "integrity": "sha512-P55DknoAtSb1N5NWlxfVnQ9vuR+BCuNxFNArv5GbXOmD8X4Hr1D3Uqts90wGNlm1VsbD05XLv38ShR2Q/zFQhw==",
      "requires": {
        "nan": "2.10.0"
      }
    },
    "opencv.js": {
      "version": "1.2.1",
      "resolved": "https://registry.npmjs.org/opencv.js/-/opencv.js-1.2.1.tgz",
      "integrity": "sha512-+ji5Pk3eyz+RRSeZr2kLZNJpjsKoGyPJOjFWng7+Cuq9ylHakBqJMxDGlBW1+qdju3k8DadWOiHJ6JaF28UpKA=="
    }
  }
}
